
Microsoft Visual Studio Solution File, Format Version 12.00
# Visual Studio 2012
Project("{FAE04EC0-301F-11D3-BF4B-00C04F79EFBC}") = "Algorithms", "Algorithms\Algorithms.csproj", "{E451394F-008F-43BE-BE64-3116BFD9AB51}"
EndProject
Project("{FAE04EC0-301F-11D3-BF4B-00C04F79EFBC}") = "Charting", "Charting\Charting.csproj", "{B7BF55D7-8D72-4144-87CF-AE3CA2F6D2AB}"
EndProject
Global
	GlobalSection(SolutionConfigurationPlatforms) = preSolution
		Debug|Any CPU = Debug|Any CPU
		Release|Any CPU = Release|Any CPU
	EndGlobalSection
	GlobalSection(ProjectConfigurationPlatforms) = postSolution
		{E451394F-008F-43BE-BE64-3116BFD9AB51}.Debug|Any CPU.ActiveCfg = Debug|x86
		{E451394F-008F-43BE-BE64-3116BFD9AB51}.Debug|Any CPU.Build.0 = Debug|x86
		{E451394F-008F-43BE-BE64-3116BFD9AB51}.Release|Any CPU.ActiveCfg = Release|Any CPU
		{E451394F-008F-43BE-BE64-3116BFD9AB51}.Release|Any CPU.Build.0 = Release|Any CPU
		{B7BF55D7-8D72-4144-87CF-AE3CA2F6D2AB}.Debug|Any CPU.ActiveCfg = Debug|x86
		{B7BF55D7-8D72-4144-87CF-AE3CA2F6D2AB}.Debug|Any CPU.Build.0 = Debug|x86
		{B7BF55D7-8D72-4144-87CF-AE3CA2F6D2AB}.Release|Any CPU.ActiveCfg = Release|Any CPU
		{B7BF55D7-8D72-4144-87CF-AE3CA2F6D2AB}.Release|Any CPU.Build.0 = Release|Any CPU
	EndGlobalSection
	GlobalSection(SolutionProperties) = preSolution
		HideSolutionNode = FALSE
	EndGlobalSection
EndGlobal
