
Microsoft Visual Studio Solution File, Format Version 12.00
# Visual Studio 2012
Project("{2150E333-8FDC-42A3-9474-1A3956D46DE8}") = "Screens", "Screens", "{65C71B67-1534-4451-9782-F91ECB1257DA}"
EndProject
Project("{FAE04EC0-301F-11D3-BF4B-00C04F79EFBC}") = "Trading.Common", "Trading.Common\Trading.Common.csproj", "{979F4C0D-9525-4A69-98F9-45DF7DDA8796}"
EndProject
Project("{FAE04EC0-301F-11D3-BF4B-00C04F79EFBC}") = "Trading.Portal", "Trading.Portal\Trading.Portal.csproj", "{9F67C0EC-443E-485D-BE3E-7A8DC922EE56}"
EndProject
Project("{2150E333-8FDC-42A3-9474-1A3956D46DE8}") = "Tools", "Tools", "{30F42A9E-0010-409C-84A3-0A16AA8D6D17}"
EndProject
Project("{FAE04EC0-301F-11D3-BF4B-00C04F79EFBC}") = "Trading.DataDownload", "Trading.DataDownload\Trading.DataDownload.csproj", "{3D976DA1-AAAE-4840-BE8E-24E43E90FECE}"
EndProject
Project("{FAE04EC0-301F-11D3-BF4B-00C04F79EFBC}") = "Trading.WorkExtractor", "Trading.WorkExtractor\Trading.WorkExtractor.csproj", "{296D0BBA-D906-4CF6-B29C-F8DBDD0CC105}"
EndProject
Project("{FAE04EC0-301F-11D3-BF4B-00C04F79EFBC}") = "Trading.R", "Trading.R\Trading.R.csproj", "{B6BAE231-D40E-45A3-A511-F75193537760}"
EndProject
Project("{FAE04EC0-301F-11D3-BF4B-00C04F79EFBC}") = "Trading.DataCache", "Trading.DataCache\Trading.DataCache.csproj", "{15BD19A3-78E5-422B-AE97-8D0563039FC4}"
EndProject
Project("{FAE04EC0-301F-11D3-BF4B-00C04F79EFBC}") = "Trading.Backtest", "Trading.Backtest\Trading.Backtest.csproj", "{052B2FCF-8083-44A5-A5D3-A31011214B43}"
EndProject
Global
	GlobalSection(SolutionConfigurationPlatforms) = preSolution
		Debug|Any CPU = Debug|Any CPU
		Debug|Mixed Platforms = Debug|Mixed Platforms
		Debug|x64 = Debug|x64
		Debug|x86 = Debug|x86
		Release|Any CPU = Release|Any CPU
		Release|Mixed Platforms = Release|Mixed Platforms
		Release|x64 = Release|x64
		Release|x86 = Release|x86
	EndGlobalSection
	GlobalSection(ProjectConfigurationPlatforms) = postSolution
		{979F4C0D-9525-4A69-98F9-45DF7DDA8796}.Debug|Any CPU.ActiveCfg = Debug|Any CPU
		{979F4C0D-9525-4A69-98F9-45DF7DDA8796}.Debug|Any CPU.Build.0 = Debug|Any CPU
		{979F4C0D-9525-4A69-98F9-45DF7DDA8796}.Debug|Mixed Platforms.ActiveCfg = Debug|x86
		{979F4C0D-9525-4A69-98F9-45DF7DDA8796}.Debug|Mixed Platforms.Build.0 = Debug|x86
		{979F4C0D-9525-4A69-98F9-45DF7DDA8796}.Debug|x64.ActiveCfg = Debug|x64
		{979F4C0D-9525-4A69-98F9-45DF7DDA8796}.Debug|x64.Build.0 = Debug|x64
		{979F4C0D-9525-4A69-98F9-45DF7DDA8796}.Debug|x86.ActiveCfg = Debug|x86
		{979F4C0D-9525-4A69-98F9-45DF7DDA8796}.Debug|x86.Build.0 = Debug|x86
		{979F4C0D-9525-4A69-98F9-45DF7DDA8796}.Release|Any CPU.ActiveCfg = Release|Any CPU
		{979F4C0D-9525-4A69-98F9-45DF7DDA8796}.Release|Any CPU.Build.0 = Release|Any CPU
		{979F4C0D-9525-4A69-98F9-45DF7DDA8796}.Release|Mixed Platforms.ActiveCfg = Release|x86
		{979F4C0D-9525-4A69-98F9-45DF7DDA8796}.Release|Mixed Platforms.Build.0 = Release|x86
		{979F4C0D-9525-4A69-98F9-45DF7DDA8796}.Release|x64.ActiveCfg = Release|x64
		{979F4C0D-9525-4A69-98F9-45DF7DDA8796}.Release|x64.Build.0 = Release|x64
		{979F4C0D-9525-4A69-98F9-45DF7DDA8796}.Release|x86.ActiveCfg = Release|x86
		{979F4C0D-9525-4A69-98F9-45DF7DDA8796}.Release|x86.Build.0 = Release|x86
		{9F67C0EC-443E-485D-BE3E-7A8DC922EE56}.Debug|Any CPU.ActiveCfg = Debug|Any CPU
		{9F67C0EC-443E-485D-BE3E-7A8DC922EE56}.Debug|Any CPU.Build.0 = Debug|Any CPU
		{9F67C0EC-443E-485D-BE3E-7A8DC922EE56}.Debug|Mixed Platforms.ActiveCfg = Debug|x86
		{9F67C0EC-443E-485D-BE3E-7A8DC922EE56}.Debug|Mixed Platforms.Build.0 = Debug|x86
		{9F67C0EC-443E-485D-BE3E-7A8DC922EE56}.Debug|x64.ActiveCfg = Debug|x64
		{9F67C0EC-443E-485D-BE3E-7A8DC922EE56}.Debug|x64.Build.0 = Debug|x64
		{9F67C0EC-443E-485D-BE3E-7A8DC922EE56}.Debug|x86.ActiveCfg = Debug|x86
		{9F67C0EC-443E-485D-BE3E-7A8DC922EE56}.Debug|x86.Build.0 = Debug|x86
		{9F67C0EC-443E-485D-BE3E-7A8DC922EE56}.Release|Any CPU.ActiveCfg = Release|Any CPU
		{9F67C0EC-443E-485D-BE3E-7A8DC922EE56}.Release|Any CPU.Build.0 = Release|Any CPU
		{9F67C0EC-443E-485D-BE3E-7A8DC922EE56}.Release|Mixed Platforms.ActiveCfg = Release|x86
		{9F67C0EC-443E-485D-BE3E-7A8DC922EE56}.Release|Mixed Platforms.Build.0 = Release|x86
		{9F67C0EC-443E-485D-BE3E-7A8DC922EE56}.Release|x64.ActiveCfg = Release|x64
		{9F67C0EC-443E-485D-BE3E-7A8DC922EE56}.Release|x64.Build.0 = Release|x64
		{9F67C0EC-443E-485D-BE3E-7A8DC922EE56}.Release|x86.ActiveCfg = Release|x86
		{9F67C0EC-443E-485D-BE3E-7A8DC922EE56}.Release|x86.Build.0 = Release|x86
		{3D976DA1-AAAE-4840-BE8E-24E43E90FECE}.Debug|Any CPU.ActiveCfg = Debug|Any CPU
		{3D976DA1-AAAE-4840-BE8E-24E43E90FECE}.Debug|Any CPU.Build.0 = Debug|Any CPU
		{3D976DA1-AAAE-4840-BE8E-24E43E90FECE}.Debug|Mixed Platforms.ActiveCfg = Debug|Any CPU
		{3D976DA1-AAAE-4840-BE8E-24E43E90FECE}.Debug|Mixed Platforms.Build.0 = Debug|Any CPU
		{3D976DA1-AAAE-4840-BE8E-24E43E90FECE}.Debug|x64.ActiveCfg = Debug|x64
		{3D976DA1-AAAE-4840-BE8E-24E43E90FECE}.Debug|x64.Build.0 = Debug|x64
		{3D976DA1-AAAE-4840-BE8E-24E43E90FECE}.Debug|x86.ActiveCfg = Debug|x86
		{3D976DA1-AAAE-4840-BE8E-24E43E90FECE}.Debug|x86.Build.0 = Debug|x86
		{3D976DA1-AAAE-4840-BE8E-24E43E90FECE}.Release|Any CPU.ActiveCfg = Release|Any CPU
		{3D976DA1-AAAE-4840-BE8E-24E43E90FECE}.Release|Any CPU.Build.0 = Release|Any CPU
		{3D976DA1-AAAE-4840-BE8E-24E43E90FECE}.Release|Mixed Platforms.ActiveCfg = Release|Any CPU
		{3D976DA1-AAAE-4840-BE8E-24E43E90FECE}.Release|Mixed Platforms.Build.0 = Release|Any CPU
		{3D976DA1-AAAE-4840-BE8E-24E43E90FECE}.Release|x64.ActiveCfg = Release|x64
		{3D976DA1-AAAE-4840-BE8E-24E43E90FECE}.Release|x64.Build.0 = Release|x64
		{3D976DA1-AAAE-4840-BE8E-24E43E90FECE}.Release|x86.ActiveCfg = Release|Any CPU
		{296D0BBA-D906-4CF6-B29C-F8DBDD0CC105}.Debug|Any CPU.ActiveCfg = Debug|Any CPU
		{296D0BBA-D906-4CF6-B29C-F8DBDD0CC105}.Debug|Any CPU.Build.0 = Debug|Any CPU
		{296D0BBA-D906-4CF6-B29C-F8DBDD0CC105}.Debug|Mixed Platforms.ActiveCfg = Debug|Any CPU
		{296D0BBA-D906-4CF6-B29C-F8DBDD0CC105}.Debug|Mixed Platforms.Build.0 = Debug|Any CPU
		{296D0BBA-D906-4CF6-B29C-F8DBDD0CC105}.Debug|x64.ActiveCfg = Debug|x64
		{296D0BBA-D906-4CF6-B29C-F8DBDD0CC105}.Debug|x64.Build.0 = Debug|x64
		{296D0BBA-D906-4CF6-B29C-F8DBDD0CC105}.Debug|x86.ActiveCfg = Debug|Any CPU
		{296D0BBA-D906-4CF6-B29C-F8DBDD0CC105}.Release|Any CPU.ActiveCfg = Release|Any CPU
		{296D0BBA-D906-4CF6-B29C-F8DBDD0CC105}.Release|Any CPU.Build.0 = Release|Any CPU
		{296D0BBA-D906-4CF6-B29C-F8DBDD0CC105}.Release|Mixed Platforms.ActiveCfg = Release|Any CPU
		{296D0BBA-D906-4CF6-B29C-F8DBDD0CC105}.Release|Mixed Platforms.Build.0 = Release|Any CPU
		{296D0BBA-D906-4CF6-B29C-F8DBDD0CC105}.Release|x64.ActiveCfg = Release|x64
		{296D0BBA-D906-4CF6-B29C-F8DBDD0CC105}.Release|x64.Build.0 = Release|x64
		{296D0BBA-D906-4CF6-B29C-F8DBDD0CC105}.Release|x86.ActiveCfg = Release|Any CPU
		{B6BAE231-D40E-45A3-A511-F75193537760}.Debug|Any CPU.ActiveCfg = Debug|Any CPU
		{B6BAE231-D40E-45A3-A511-F75193537760}.Debug|Any CPU.Build.0 = Debug|Any CPU
		{B6BAE231-D40E-45A3-A511-F75193537760}.Debug|Mixed Platforms.ActiveCfg = Debug|Any CPU
		{B6BAE231-D40E-45A3-A511-F75193537760}.Debug|Mixed Platforms.Build.0 = Debug|Any CPU
		{B6BAE231-D40E-45A3-A511-F75193537760}.Debug|x64.ActiveCfg = Debug|x64
		{B6BAE231-D40E-45A3-A511-F75193537760}.Debug|x64.Build.0 = Debug|x64
		{B6BAE231-D40E-45A3-A511-F75193537760}.Debug|x86.ActiveCfg = Debug|Any CPU
		{B6BAE231-D40E-45A3-A511-F75193537760}.Release|Any CPU.ActiveCfg = Release|Any CPU
		{B6BAE231-D40E-45A3-A511-F75193537760}.Release|Any CPU.Build.0 = Release|Any CPU
		{B6BAE231-D40E-45A3-A511-F75193537760}.Release|Mixed Platforms.ActiveCfg = Release|Any CPU
		{B6BAE231-D40E-45A3-A511-F75193537760}.Release|Mixed Platforms.Build.0 = Release|Any CPU
		{B6BAE231-D40E-45A3-A511-F75193537760}.Release|x64.ActiveCfg = Release|x64
		{B6BAE231-D40E-45A3-A511-F75193537760}.Release|x64.Build.0 = Release|x64
		{B6BAE231-D40E-45A3-A511-F75193537760}.Release|x86.ActiveCfg = Release|Any CPU
		{15BD19A3-78E5-422B-AE97-8D0563039FC4}.Debug|Any CPU.ActiveCfg = Debug|x64
		{15BD19A3-78E5-422B-AE97-8D0563039FC4}.Debug|Any CPU.Build.0 = Debug|x64
		{15BD19A3-78E5-422B-AE97-8D0563039FC4}.Debug|Mixed Platforms.ActiveCfg = Debug|Any CPU
		{15BD19A3-78E5-422B-AE97-8D0563039FC4}.Debug|Mixed Platforms.Build.0 = Debug|Any CPU
		{15BD19A3-78E5-422B-AE97-8D0563039FC4}.Debug|x64.ActiveCfg = Debug|x64
		{15BD19A3-78E5-422B-AE97-8D0563039FC4}.Debug|x64.Build.0 = Debug|x64
		{15BD19A3-78E5-422B-AE97-8D0563039FC4}.Debug|x86.ActiveCfg = Debug|x86
		{15BD19A3-78E5-422B-AE97-8D0563039FC4}.Release|Any CPU.ActiveCfg = Release|Any CPU
		{15BD19A3-78E5-422B-AE97-8D0563039FC4}.Release|Any CPU.Build.0 = Release|Any CPU
		{15BD19A3-78E5-422B-AE97-8D0563039FC4}.Release|Mixed Platforms.ActiveCfg = Release|Any CPU
		{15BD19A3-78E5-422B-AE97-8D0563039FC4}.Release|Mixed Platforms.Build.0 = Release|Any CPU
		{15BD19A3-78E5-422B-AE97-8D0563039FC4}.Release|x64.ActiveCfg = Release|x64
		{15BD19A3-78E5-422B-AE97-8D0563039FC4}.Release|x64.Build.0 = Release|x64
		{15BD19A3-78E5-422B-AE97-8D0563039FC4}.Release|x86.ActiveCfg = Release|Any CPU
		{052B2FCF-8083-44A5-A5D3-A31011214B43}.Debug|Any CPU.ActiveCfg = Debug|Any CPU
		{052B2FCF-8083-44A5-A5D3-A31011214B43}.Debug|Any CPU.Build.0 = Debug|Any CPU
		{052B2FCF-8083-44A5-A5D3-A31011214B43}.Debug|Mixed Platforms.ActiveCfg = Debug|Any CPU
		{052B2FCF-8083-44A5-A5D3-A31011214B43}.Debug|Mixed Platforms.Build.0 = Debug|Any CPU
		{052B2FCF-8083-44A5-A5D3-A31011214B43}.Debug|x64.ActiveCfg = Debug|x64
		{052B2FCF-8083-44A5-A5D3-A31011214B43}.Debug|x64.Build.0 = Debug|x64
		{052B2FCF-8083-44A5-A5D3-A31011214B43}.Debug|x86.ActiveCfg = Debug|x86
		{052B2FCF-8083-44A5-A5D3-A31011214B43}.Release|Any CPU.ActiveCfg = Release|Any CPU
		{052B2FCF-8083-44A5-A5D3-A31011214B43}.Release|Any CPU.Build.0 = Release|Any CPU
		{052B2FCF-8083-44A5-A5D3-A31011214B43}.Release|Mixed Platforms.ActiveCfg = Release|Any CPU
		{052B2FCF-8083-44A5-A5D3-A31011214B43}.Release|Mixed Platforms.Build.0 = Release|Any CPU
		{052B2FCF-8083-44A5-A5D3-A31011214B43}.Release|x64.ActiveCfg = Release|x64
		{052B2FCF-8083-44A5-A5D3-A31011214B43}.Release|x64.Build.0 = Release|x64
		{052B2FCF-8083-44A5-A5D3-A31011214B43}.Release|x86.ActiveCfg = Release|Any CPU
	EndGlobalSection
	GlobalSection(SolutionProperties) = preSolution
		HideSolutionNode = FALSE
	EndGlobalSection
	GlobalSection(NestedProjects) = preSolution
		{052B2FCF-8083-44A5-A5D3-A31011214B43} = {65C71B67-1534-4451-9782-F91ECB1257DA}
		{3D976DA1-AAAE-4840-BE8E-24E43E90FECE} = {30F42A9E-0010-409C-84A3-0A16AA8D6D17}
		{296D0BBA-D906-4CF6-B29C-F8DBDD0CC105} = {30F42A9E-0010-409C-84A3-0A16AA8D6D17}
		{B6BAE231-D40E-45A3-A511-F75193537760} = {30F42A9E-0010-409C-84A3-0A16AA8D6D17}
		{15BD19A3-78E5-422B-AE97-8D0563039FC4} = {30F42A9E-0010-409C-84A3-0A16AA8D6D17}
	EndGlobalSection
EndGlobal
